
Microsoft Visual Studio Solution File, Format Version 12.00
# Visual Studio Version 16
VisualStudioVersion = 16.0.28803.352
MinimumVisualStudioVersion = 10.0.40219.1
Project("{FAE04EC0-301F-11D3-BF4B-00C04F79EFBC}") = "CodiceFiscale", "CodiceFiscale\CodiceFiscale.csproj", "{4EFC9A97-B9FD-4F51-AE89-A39AA7DBE998}"
EndProject
Global
	GlobalSection(SolutionConfigurationPlatforms) = preSolution
		Debug|Any CPU = Debug|Any CPU
		Release|Any CPU = Release|Any CPU
	EndGlobalSection
	GlobalSection(ProjectConfigurationPlatforms) = postSolution
		{4EFC9A97-B9FD-4F51-AE89-A39AA7DBE998}.Debug|Any CPU.ActiveCfg = Debug|Any CPU
		{4EFC9A97-B9FD-4F51-AE89-A39AA7DBE998}.Debug|Any CPU.Build.0 = Debug|Any CPU
		{4EFC9A97-B9FD-4F51-AE89-A39AA7DBE998}.Release|Any CPU.ActiveCfg = Release|Any CPU
		{4EFC9A97-B9FD-4F51-AE89-A39AA7DBE998}.Release|Any CPU.Build.0 = Release|Any CPU
	EndGlobalSection
	GlobalSection(SolutionProperties) = preSolution
		HideSolutionNode = FALSE
	EndGlobalSection
	GlobalSection(ExtensibilityGlobals) = postSolution
		SolutionGuid = {19F2AA66-2C7C-41FB-AC80-7B4F7610CF82}
	EndGlobalSection
EndGlobal
