
Microsoft Visual Studio Solution File, Format Version 12.00
# Visual Studio Version 16
VisualStudioVersion = 16.0.28803.352
MinimumVisualStudioVersion = 10.0.40219.1
Project("{FAE04EC0-301F-11D3-BF4B-00C04F79EFBC}") = "Modificadores_Acesso", "Modificadores_Acesso\Modificadores_Acesso.csproj", "{3D5E2986-7540-47A9-8463-DD9E2A24E7BE}"
EndProject
Global
	GlobalSection(SolutionConfigurationPlatforms) = preSolution
		Debug|Any CPU = Debug|Any CPU
		Release|Any CPU = Release|Any CPU
	EndGlobalSection
	GlobalSection(ProjectConfigurationPlatforms) = postSolution
		{3D5E2986-7540-47A9-8463-DD9E2A24E7BE}.Debug|Any CPU.ActiveCfg = Debug|Any CPU
		{3D5E2986-7540-47A9-8463-DD9E2A24E7BE}.Debug|Any CPU.Build.0 = Debug|Any CPU
		{3D5E2986-7540-47A9-8463-DD9E2A24E7BE}.Release|Any CPU.ActiveCfg = Release|Any CPU
		{3D5E2986-7540-47A9-8463-DD9E2A24E7BE}.Release|Any CPU.Build.0 = Release|Any CPU
	EndGlobalSection
	GlobalSection(SolutionProperties) = preSolution
		HideSolutionNode = FALSE
	EndGlobalSection
	GlobalSection(ExtensibilityGlobals) = postSolution
		SolutionGuid = {802441CF-1108-4F5B-A8EA-6F0BB351C099}
	EndGlobalSection
EndGlobal
